
Microsoft Visual Studio Solution File, Format Version 12.00
# Visual Studio Version 17
VisualStudioVersion = 17.13.35931.197 d17.13
MinimumVisualStudioVersion = 10.0.40219.1
Project("{FAE04EC0-301F-11D3-BF4B-00C04F79EFBC}") = "BudgetTracker.API", "BudgetTracker.API\BudgetTracker.API.csproj", "{FD043E7E-3F47-4841-B356-1084C816DBAB}"
EndProject
Project("{FAE04EC0-301F-11D3-BF4B-00C04F79EFBC}") = "BudgetTracker.Core", "BudgetTracker.Core\BudgetTracker.Core.csproj", "{9852D46B-EECD-44C9-8DB7-AFAF5E4D07E4}"
EndProject
Project("{FAE04EC0-301F-11D3-BF4B-00C04F79EFBC}") = "BudgetTracker.BL", "BudgetTracker.BL\BudgetTracker.BL.csproj", "{FC915B0D-EF5C-4CC6-880D-888C24B42F4E}"
EndProject
Project("{FAE04EC0-301F-11D3-BF4B-00C04F79EFBC}") = "BudgetTracker.DAL", "BudgetTracker.DAL\BudgetTracker.DAL.csproj", "{11082EC5-E9D6-4BCC-A7A2-92E0CA61719E}"
EndProject
Global
	GlobalSection(SolutionConfigurationPlatforms) = preSolution
		Debug|Any CPU = Debug|Any CPU
		Release|Any CPU = Release|Any CPU
	EndGlobalSection
	GlobalSection(ProjectConfigurationPlatforms) = postSolution
		{FD043E7E-3F47-4841-B356-1084C816DBAB}.Debug|Any CPU.ActiveCfg = Debug|Any CPU
		{FD043E7E-3F47-4841-B356-1084C816DBAB}.Debug|Any CPU.Build.0 = Debug|Any CPU
		{FD043E7E-3F47-4841-B356-1084C816DBAB}.Release|Any CPU.ActiveCfg = Release|Any CPU
		{FD043E7E-3F47-4841-B356-1084C816DBAB}.Release|Any CPU.Build.0 = Release|Any CPU
		{9852D46B-EECD-44C9-8DB7-AFAF5E4D07E4}.Debug|Any CPU.ActiveCfg = Debug|Any CPU
		{9852D46B-EECD-44C9-8DB7-AFAF5E4D07E4}.Debug|Any CPU.Build.0 = Debug|Any CPU
		{9852D46B-EECD-44C9-8DB7-AFAF5E4D07E4}.Release|Any CPU.ActiveCfg = Release|Any CPU
		{9852D46B-EECD-44C9-8DB7-AFAF5E4D07E4}.Release|Any CPU.Build.0 = Release|Any CPU
		{FC915B0D-EF5C-4CC6-880D-888C24B42F4E}.Debug|Any CPU.ActiveCfg = Debug|Any CPU
		{FC915B0D-EF5C-4CC6-880D-888C24B42F4E}.Debug|Any CPU.Build.0 = Debug|Any CPU
		{FC915B0D-EF5C-4CC6-880D-888C24B42F4E}.Release|Any CPU.ActiveCfg = Release|Any CPU
		{FC915B0D-EF5C-4CC6-880D-888C24B42F4E}.Release|Any CPU.Build.0 = Release|Any CPU
		{11082EC5-E9D6-4BCC-A7A2-92E0CA61719E}.Debug|Any CPU.ActiveCfg = Debug|Any CPU
		{11082EC5-E9D6-4BCC-A7A2-92E0CA61719E}.Debug|Any CPU.Build.0 = Debug|Any CPU
		{11082EC5-E9D6-4BCC-A7A2-92E0CA61719E}.Release|Any CPU.ActiveCfg = Release|Any CPU
		{11082EC5-E9D6-4BCC-A7A2-92E0CA61719E}.Release|Any CPU.Build.0 = Release|Any CPU
	EndGlobalSection
	GlobalSection(SolutionProperties) = preSolution
		HideSolutionNode = FALSE
	EndGlobalSection
	GlobalSection(ExtensibilityGlobals) = postSolution
		SolutionGuid = {CB4F9EB4-5A5E-49D6-9DD4-5B9195C39409}
	EndGlobalSection
EndGlobal
